// !$*UTF8*$!
{
	archiveVersion = 1;
	classes = {
	};
	objectVersion = 48;
	objects = {

/* Begin PBXBuildFile section */
		5EBABCD3137386B2BFB6DEDB /* Pods_Tweety.framework in Frameworks */ = {isa = PBXBuildFile; fileRef = 9BBA199ABB4C254DB2AD5318 /* Pods_Tweety.framework */; };
		5FC4851EB2D85C95CC99D706 /* Pods_TweetyUITests.framework in Frameworks */ = {isa = PBXBuildFile; fileRef = D7AE9D2DFEE648AB1D413C23 /* Pods_TweetyUITests.framework */; };
		7F02A0452024E1B0004EAA16 /* AppDelegate.swift in Sources */ = {isa = PBXBuildFile; fileRef = 7F02A0442024E1B0004EAA16 /* AppDelegate.swift */; };
		7F02A0472024E1B0004EAA16 /* ViewController.swift in Sources */ = {isa = PBXBuildFile; fileRef = 7F02A0462024E1B0004EAA16 /* ViewController.swift */; };
		7F02A04A2024E1B0004EAA16 /* Main.storyboard in Resources */ = {isa = PBXBuildFile; fileRef = 7F02A0482024E1B0004EAA16 /* Main.storyboard */; };
		7F02A04C2024E1B0004EAA16 /* Assets.xcassets in Resources */ = {isa = PBXBuildFile; fileRef = 7F02A04B2024E1B0004EAA16 /* Assets.xcassets */; };
		7F02A04F2024E1B0004EAA16 /* LaunchScreen.storyboard in Resources */ = {isa = PBXBuildFile; fileRef = 7F02A04D2024E1B0004EAA16 /* LaunchScreen.storyboard */; };
		7F02A05A2024E1B1004EAA16 /* TweetyTests.swift in Sources */ = {isa = PBXBuildFile; fileRef = 7F02A0592024E1B1004EAA16 /* TweetyTests.swift */; };
		7F02A0652024E1B1004EAA16 /* TweetyUITests.swift in Sources */ = {isa = PBXBuildFile; fileRef = 7F02A0642024E1B1004EAA16 /* TweetyUITests.swift */; };
		7F6F8D1F205B50020082524B /* TwitterClient.swift in Sources */ = {isa = PBXBuildFile; fileRef = 7F6F8D1E205B50020082524B /* TwitterClient.swift */; };
		7F7BDEC320744D3D00B74C3E /* KSUTweetConstants.swift in Sources */ = {isa = PBXBuildFile; fileRef = 7F7BDEC220744D3D00B74C3E /* KSUTweetConstants.swift */; };
		7F7BDEC520744EC200B74C3E /* KSUTweetConvenience.swift in Sources */ = {isa = PBXBuildFile; fileRef = 7F7BDEC420744EC200B74C3E /* KSUTweetConvenience.swift */; };
		7F8F275020744C0600B4C30C /* KSUTweetClient.swift in Sources */ = {isa = PBXBuildFile; fileRef = 7F8F274F20744C0600B4C30C /* KSUTweetClient.swift */; };
		FB27CA29E50599B39E168399 /* Pods_TweetyTests.framework in Frameworks */ = {isa = PBXBuildFile; fileRef = 4317C082484DB408536D7E4D /* Pods_TweetyTests.framework */; };
/* End PBXBuildFile section */

/* Begin PBXContainerItemProxy section */
		7F02A0562024E1B1004EAA16 /* PBXContainerItemProxy */ = {
			isa = PBXContainerItemProxy;
			containerPortal = 7F02A0392024E1B0004EAA16 /* Project object */;
			proxyType = 1;
			remoteGlobalIDString = 7F02A0402024E1B0004EAA16;
			remoteInfo = Tweety;
		};
		7F02A0612024E1B1004EAA16 /* PBXContainerItemProxy */ = {
			isa = PBXContainerItemProxy;
			containerPortal = 7F02A0392024E1B0004EAA16 /* Project object */;
			proxyType = 1;
			remoteGlobalIDString = 7F02A0402024E1B0004EAA16;
			remoteInfo = Tweety;
		};
/* End PBXContainerItemProxy section */

/* Begin PBXFileReference section */
		1A7BC23CDDC3BDC05C44451C /* Pods-TweetyUITests.debug.xcconfig */ = {isa = PBXFileReference; includeInIndex = 1; lastKnownFileType = text.xcconfig; name = "Pods-TweetyUITests.debug.xcconfig"; path = "Pods/Target Support Files/Pods-TweetyUITests/Pods-TweetyUITests.debug.xcconfig"; sourceTree = "<group>"; };
		298937224547B89D6F1F9E3C /* Pods-Tweety.debug.xcconfig */ = {isa = PBXFileReference; includeInIndex = 1; lastKnownFileType = text.xcconfig; name = "Pods-Tweety.debug.xcconfig"; path = "Pods/Target Support Files/Pods-Tweety/Pods-Tweety.debug.xcconfig"; sourceTree = "<group>"; };
		4317C082484DB408536D7E4D /* Pods_TweetyTests.framework */ = {isa = PBXFileReference; explicitFileType = wrapper.framework; includeInIndex = 0; path = Pods_TweetyTests.framework; sourceTree = BUILT_PRODUCTS_DIR; };
		6355E588547A7860A91067E8 /* Pods-TweetyUITests.release.xcconfig */ = {isa = PBXFileReference; includeInIndex = 1; lastKnownFileType = text.xcconfig; name = "Pods-TweetyUITests.release.xcconfig"; path = "Pods/Target Support Files/Pods-TweetyUITests/Pods-TweetyUITests.release.xcconfig"; sourceTree = "<group>"; };
		7F02A0412024E1B0004EAA16 /* Tweety.app */ = {isa = PBXFileReference; explicitFileType = wrapper.application; includeInIndex = 0; path = Tweety.app; sourceTree = BUILT_PRODUCTS_DIR; };
		7F02A0442024E1B0004EAA16 /* AppDelegate.swift */ = {isa = PBXFileReference; lastKnownFileType = sourcecode.swift; path = AppDelegate.swift; sourceTree = "<group>"; };
		7F02A0462024E1B0004EAA16 /* ViewController.swift */ = {isa = PBXFileReference; lastKnownFileType = sourcecode.swift; path = ViewController.swift; sourceTree = "<group>"; };
		7F02A0492024E1B0004EAA16 /* Base */ = {isa = PBXFileReference; lastKnownFileType = file.storyboard; name = Base; path = Base.lproj/Main.storyboard; sourceTree = "<group>"; };
		7F02A04B2024E1B0004EAA16 /* Assets.xcassets */ = {isa = PBXFileReference; lastKnownFileType = folder.assetcatalog; path = Assets.xcassets; sourceTree = "<group>"; };
		7F02A04E2024E1B0004EAA16 /* Base */ = {isa = PBXFileReference; lastKnownFileType = file.storyboard; name = Base; path = Base.lproj/LaunchScreen.storyboard; sourceTree = "<group>"; };
		7F02A0502024E1B0004EAA16 /* Info.plist */ = {isa = PBXFileReference; lastKnownFileType = text.plist.xml; path = Info.plist; sourceTree = "<group>"; };
		7F02A0552024E1B1004EAA16 /* TweetyTests.xctest */ = {isa = PBXFileReference; explicitFileType = wrapper.cfbundle; includeInIndex = 0; path = TweetyTests.xctest; sourceTree = BUILT_PRODUCTS_DIR; };
		7F02A0592024E1B1004EAA16 /* TweetyTests.swift */ = {isa = PBXFileReference; lastKnownFileType = sourcecode.swift; path = TweetyTests.swift; sourceTree = "<group>"; };
		7F02A05B2024E1B1004EAA16 /* Info.plist */ = {isa = PBXFileReference; lastKnownFileType = text.plist.xml; path = Info.plist; sourceTree = "<group>"; };
		7F02A0602024E1B1004EAA16 /* TweetyUITests.xctest */ = {isa = PBXFileReference; explicitFileType = wrapper.cfbundle; includeInIndex = 0; path = TweetyUITests.xctest; sourceTree = BUILT_PRODUCTS_DIR; };
		7F02A0642024E1B1004EAA16 /* TweetyUITests.swift */ = {isa = PBXFileReference; lastKnownFileType = sourcecode.swift; path = TweetyUITests.swift; sourceTree = "<group>"; };
		7F02A0662024E1B1004EAA16 /* Info.plist */ = {isa = PBXFileReference; lastKnownFileType = text.plist.xml; path = Info.plist; sourceTree = "<group>"; };
		7F6F8D1E205B50020082524B /* TwitterClient.swift */ = {isa = PBXFileReference; lastKnownFileType = sourcecode.swift; path = TwitterClient.swift; sourceTree = "<group>"; };
		7F7BDEC220744D3D00B74C3E /* KSUTweetConstants.swift */ = {isa = PBXFileReference; lastKnownFileType = sourcecode.swift; path = KSUTweetConstants.swift; sourceTree = "<group>"; };
		7F7BDEC420744EC200B74C3E /* KSUTweetConvenience.swift */ = {isa = PBXFileReference; lastKnownFileType = sourcecode.swift; path = KSUTweetConvenience.swift; sourceTree = "<group>"; };
		7F8F274F20744C0600B4C30C /* KSUTweetClient.swift */ = {isa = PBXFileReference; lastKnownFileType = sourcecode.swift; path = KSUTweetClient.swift; sourceTree = "<group>"; };
		9655992748E038C1615618A3 /* Pods-TweetyTests.release.xcconfig */ = {isa = PBXFileReference; includeInIndex = 1; lastKnownFileType = text.xcconfig; name = "Pods-TweetyTests.release.xcconfig"; path = "Pods/Target Support Files/Pods-TweetyTests/Pods-TweetyTests.release.xcconfig"; sourceTree = "<group>"; };
		9BBA199ABB4C254DB2AD5318 /* Pods_Tweety.framework */ = {isa = PBXFileReference; explicitFileType = wrapper.framework; includeInIndex = 0; path = Pods_Tweety.framework; sourceTree = BUILT_PRODUCTS_DIR; };
		B2B97DDD517C9B07A4E2C626 /* Pods-Tweety.release.xcconfig */ = {isa = PBXFileReference; includeInIndex = 1; lastKnownFileType = text.xcconfig; name = "Pods-Tweety.release.xcconfig"; path = "Pods/Target Support Files/Pods-Tweety/Pods-Tweety.release.xcconfig"; sourceTree = "<group>"; };
		D7AE9D2DFEE648AB1D413C23 /* Pods_TweetyUITests.framework */ = {isa = PBXFileReference; explicitFileType = wrapper.framework; includeInIndex = 0; path = Pods_TweetyUITests.framework; sourceTree = BUILT_PRODUCTS_DIR; };
		E17747224E732D68896C51F1 /* Pods-TweetyTests.debug.xcconfig */ = {isa = PBXFileReference; includeInIndex = 1; lastKnownFileType = text.xcconfig; name = "Pods-TweetyTests.debug.xcconfig"; path = "Pods/Target Support Files/Pods-TweetyTests/Pods-TweetyTests.debug.xcconfig"; sourceTree = "<group>"; };
/* End PBXFileReference section */

/* Begin PBXFrameworksBuildPhase section */
		7F02A03E2024E1B0004EAA16 /* Frameworks */ = {
			isa = PBXFrameworksBuildPhase;
			buildActionMask = 2147483647;
			files = (
				5EBABCD3137386B2BFB6DEDB /* Pods_Tweety.framework in Frameworks */,
			);
			runOnlyForDeploymentPostprocessing = 0;
		};
		7F02A0522024E1B1004EAA16 /* Frameworks */ = {
			isa = PBXFrameworksBuildPhase;
			buildActionMask = 2147483647;
			files = (
				FB27CA29E50599B39E168399 /* Pods_TweetyTests.framework in Frameworks */,
			);
			runOnlyForDeploymentPostprocessing = 0;
		};
		7F02A05D2024E1B1004EAA16 /* Frameworks */ = {
			isa = PBXFrameworksBuildPhase;
			buildActionMask = 2147483647;
			files = (
				5FC4851EB2D85C95CC99D706 /* Pods_TweetyUITests.framework in Frameworks */,
			);
			runOnlyForDeploymentPostprocessing = 0;
		};
/* End PBXFrameworksBuildPhase section */

/* Begin PBXGroup section */
		58A85581AAF3AE1B669D8195 /* Pods */ = {
			isa = PBXGroup;
			children = (
				298937224547B89D6F1F9E3C /* Pods-Tweety.debug.xcconfig */,
				B2B97DDD517C9B07A4E2C626 /* Pods-Tweety.release.xcconfig */,
				E17747224E732D68896C51F1 /* Pods-TweetyTests.debug.xcconfig */,
				9655992748E038C1615618A3 /* Pods-TweetyTests.release.xcconfig */,
				1A7BC23CDDC3BDC05C44451C /* Pods-TweetyUITests.debug.xcconfig */,
				6355E588547A7860A91067E8 /* Pods-TweetyUITests.release.xcconfig */,
			);
			name = Pods;
			sourceTree = "<group>";
		};
		7F02A0382024E1B0004EAA16 = {
			isa = PBXGroup;
			children = (
				7F02A0432024E1B0004EAA16 /* Tweety */,
				7F02A0582024E1B1004EAA16 /* TweetyTests */,
				7F02A0632024E1B1004EAA16 /* TweetyUITests */,
				7F02A0422024E1B0004EAA16 /* Products */,
				58A85581AAF3AE1B669D8195 /* Pods */,
				FE43F57FA6CC5D27BDE951B5 /* Frameworks */,
			);
			sourceTree = "<group>";
		};
		7F02A0422024E1B0004EAA16 /* Products */ = {
			isa = PBXGroup;
			children = (
				7F02A0412024E1B0004EAA16 /* Tweety.app */,
				7F02A0552024E1B1004EAA16 /* TweetyTests.xctest */,
				7F02A0602024E1B1004EAA16 /* TweetyUITests.xctest */,
			);
			name = Products;
			sourceTree = "<group>";
		};
		7F02A0432024E1B0004EAA16 /* Tweety */ = {
			isa = PBXGroup;
			children = (
				7F02A0442024E1B0004EAA16 /* AppDelegate.swift */,
				7F8F274F20744C0600B4C30C /* KSUTweetClient.swift */,
				7F7BDEC420744EC200B74C3E /* KSUTweetConvenience.swift */,
				7F7BDEC220744D3D00B74C3E /* KSUTweetConstants.swift */,
				7F6F8D1E205B50020082524B /* TwitterClient.swift */,
				7F02A0462024E1B0004EAA16 /* ViewController.swift */,
				7F02A0482024E1B0004EAA16 /* Main.storyboard */,
				7F02A04B2024E1B0004EAA16 /* Assets.xcassets */,
				7F02A04D2024E1B0004EAA16 /* LaunchScreen.storyboard */,
				7F02A0502024E1B0004EAA16 /* Info.plist */,
			);
			path = Tweety;
			sourceTree = "<group>";
		};
		7F02A0582024E1B1004EAA16 /* TweetyTests */ = {
			isa = PBXGroup;
			children = (
				7F02A0592024E1B1004EAA16 /* TweetyTests.swift */,
				7F02A05B2024E1B1004EAA16 /* Info.plist */,
			);
			path = TweetyTests;
			sourceTree = "<group>";
		};
		7F02A0632024E1B1004EAA16 /* TweetyUITests */ = {
			isa = PBXGroup;
			children = (
				7F02A0642024E1B1004EAA16 /* TweetyUITests.swift */,
				7F02A0662024E1B1004EAA16 /* Info.plist */,
			);
			path = TweetyUITests;
			sourceTree = "<group>";
		};
		FE43F57FA6CC5D27BDE951B5 /* Frameworks */ = {
			isa = PBXGroup;
			children = (
				9BBA199ABB4C254DB2AD5318 /* Pods_Tweety.framework */,
				4317C082484DB408536D7E4D /* Pods_TweetyTests.framework */,
				D7AE9D2DFEE648AB1D413C23 /* Pods_TweetyUITests.framework */,
			);
			name = Frameworks;
			sourceTree = "<group>";
		};
/* End PBXGroup section */

/* Begin PBXNativeTarget section */
		7F02A0402024E1B0004EAA16 /* Tweety */ = {
			isa = PBXNativeTarget;
			buildConfigurationList = 7F02A0692024E1B1004EAA16 /* Build configuration list for PBXNativeTarget "Tweety" */;
			buildPhases = (
				927CF79C18DEDA836897F466 /* [CP] Check Pods Manifest.lock */,
				7F02A03D2024E1B0004EAA16 /* Sources */,
				7F02A03E2024E1B0004EAA16 /* Frameworks */,
				7F02A03F2024E1B0004EAA16 /* Resources */,
				AE288447ADD0157FF8D12E35 /* [CP] Embed Pods Frameworks */,
				5E7E2B3F45ED1000EC8FD19A /* [CP] Copy Pods Resources */,
			);
			buildRules = (
			);
			dependencies = (
			);
			name = Tweety;
			productName = Tweety;
			productReference = 7F02A0412024E1B0004EAA16 /* Tweety.app */;
			productType = "com.apple.product-type.application";
		};
		7F02A0542024E1B1004EAA16 /* TweetyTests */ = {
			isa = PBXNativeTarget;
			buildConfigurationList = 7F02A06C2024E1B1004EAA16 /* Build configuration list for PBXNativeTarget "TweetyTests" */;
			buildPhases = (
				FFC88DB618096D0D483A6D9A /* [CP] Check Pods Manifest.lock */,
				7F02A0512024E1B1004EAA16 /* Sources */,
				7F02A0522024E1B1004EAA16 /* Frameworks */,
				7F02A0532024E1B1004EAA16 /* Resources */,
				F5B6C2BE1DE5DB5ED6DFE5B4 /* [CP] Embed Pods Frameworks */,
				0102FB2708FF5DADDB80ACAD /* [CP] Copy Pods Resources */,
			);
			buildRules = (
			);
			dependencies = (
				7F02A0572024E1B1004EAA16 /* PBXTargetDependency */,
			);
			name = TweetyTests;
			productName = TweetyTests;
			productReference = 7F02A0552024E1B1004EAA16 /* TweetyTests.xctest */;
			productType = "com.apple.product-type.bundle.unit-test";
		};
		7F02A05F2024E1B1004EAA16 /* TweetyUITests */ = {
			isa = PBXNativeTarget;
			buildConfigurationList = 7F02A06F2024E1B1004EAA16 /* Build configuration list for PBXNativeTarget "TweetyUITests" */;
			buildPhases = (
				5E1FCD401B823F3E7D97B3BC /* [CP] Check Pods Manifest.lock */,
				7F02A05C2024E1B1004EAA16 /* Sources */,
				7F02A05D2024E1B1004EAA16 /* Frameworks */,
				7F02A05E2024E1B1004EAA16 /* Resources */,
				55859E30DF67C57937AA40DC /* [CP] Embed Pods Frameworks */,
				D3C2ADE051F60ECCA3B99937 /* [CP] Copy Pods Resources */,
			);
			buildRules = (
			);
			dependencies = (
				7F02A0622024E1B1004EAA16 /* PBXTargetDependency */,
			);
			name = TweetyUITests;
			productName = TweetyUITests;
			productReference = 7F02A0602024E1B1004EAA16 /* TweetyUITests.xctest */;
			productType = "com.apple.product-type.bundle.ui-testing";
		};
/* End PBXNativeTarget section */

/* Begin PBXProject section */
		7F02A0392024E1B0004EAA16 /* Project object */ = {
			isa = PBXProject;
			attributes = {
				LastSwiftUpdateCheck = 0920;
				LastUpgradeCheck = 0920;
				ORGANIZATIONNAME = "RW Software";
				TargetAttributes = {
					7F02A0402024E1B0004EAA16 = {
						CreatedOnToolsVersion = 9.2;
						ProvisioningStyle = Automatic;
					};
					7F02A0542024E1B1004EAA16 = {
						CreatedOnToolsVersion = 9.2;
						ProvisioningStyle = Automatic;
						TestTargetID = 7F02A0402024E1B0004EAA16;
					};
					7F02A05F2024E1B1004EAA16 = {
						CreatedOnToolsVersion = 9.2;
						ProvisioningStyle = Automatic;
						TestTargetID = 7F02A0402024E1B0004EAA16;
					};
				};
			};
			buildConfigurationList = 7F02A03C2024E1B0004EAA16 /* Build configuration list for PBXProject "Tweety" */;
			compatibilityVersion = "Xcode 8.0";
			developmentRegion = en;
			hasScannedForEncodings = 0;
			knownRegions = (
				en,
				Base,
			);
			mainGroup = 7F02A0382024E1B0004EAA16;
			productRefGroup = 7F02A0422024E1B0004EAA16 /* Products */;
			projectDirPath = "";
			projectRoot = "";
			targets = (
				7F02A0402024E1B0004EAA16 /* Tweety */,
				7F02A0542024E1B1004EAA16 /* TweetyTests */,
				7F02A05F2024E1B1004EAA16 /* TweetyUITests */,
			);
		};
/* End PBXProject section */

/* Begin PBXResourcesBuildPhase section */
		7F02A03F2024E1B0004EAA16 /* Resources */ = {
			isa = PBXResourcesBuildPhase;
			buildActionMask = 2147483647;
			files = (
				7F02A04F2024E1B0004EAA16 /* LaunchScreen.storyboard in Resources */,
				7F02A04C2024E1B0004EAA16 /* Assets.xcassets in Resources */,
				7F02A04A2024E1B0004EAA16 /* Main.storyboard in Resources */,
			);
			runOnlyForDeploymentPostprocessing = 0;
		};
		7F02A0532024E1B1004EAA16 /* Resources */ = {
			isa = PBXResourcesBuildPhase;
			buildActionMask = 2147483647;
			files = (
			);
			runOnlyForDeploymentPostprocessing = 0;
		};
		7F02A05E2024E1B1004EAA16 /* Resources */ = {
			isa = PBXResourcesBuildPhase;
			buildActionMask = 2147483647;
			files = (
			);
			runOnlyForDeploymentPostprocessing = 0;
		};
/* End PBXResourcesBuildPhase section */

/* Begin PBXShellScriptBuildPhase section */
		0102FB2708FF5DADDB80ACAD /* [CP] Copy Pods Resources */ = {
			isa = PBXShellScriptBuildPhase;
			buildActionMask = 2147483647;
			files = (
			);
			inputPaths = (
			);
			name = "[CP] Copy Pods Resources";
			outputPaths = (
			);
			runOnlyForDeploymentPostprocessing = 0;
			shellPath = /bin/sh;
			shellScript = "\"${SRCROOT}/Pods/Target Support Files/Pods-TweetyTests/Pods-TweetyTests-resources.sh\"\n";
			showEnvVarsInLog = 0;
		};
		55859E30DF67C57937AA40DC /* [CP] Embed Pods Frameworks */ = {
			isa = PBXShellScriptBuildPhase;
			buildActionMask = 2147483647;
			files = (
			);
			inputPaths = (
			);
			name = "[CP] Embed Pods Frameworks";
			outputPaths = (
			);
			runOnlyForDeploymentPostprocessing = 0;
			shellPath = /bin/sh;
			shellScript = "\"${SRCROOT}/Pods/Target Support Files/Pods-TweetyUITests/Pods-TweetyUITests-frameworks.sh\"\n";
			showEnvVarsInLog = 0;
		};
		5E1FCD401B823F3E7D97B3BC /* [CP] Check Pods Manifest.lock */ = {
			isa = PBXShellScriptBuildPhase;
			buildActionMask = 2147483647;
			files = (
			);
			inputPaths = (
				"${PODS_PODFILE_DIR_PATH}/Podfile.lock",
				"${PODS_ROOT}/Manifest.lock",
			);
			name = "[CP] Check Pods Manifest.lock";
			outputPaths = (
				"$(DERIVED_FILE_DIR)/Pods-TweetyUITests-checkManifestLockResult.txt",
			);
			runOnlyForDeploymentPostprocessing = 0;
			shellPath = /bin/sh;
			shellScript = "diff \"${PODS_PODFILE_DIR_PATH}/Podfile.lock\" \"${PODS_ROOT}/Manifest.lock\" > /dev/null\nif [ $? != 0 ] ; then\n    # print error to STDERR\n    echo \"error: The sandbox is not in sync with the Podfile.lock. Run 'pod install' or update your CocoaPods installation.\" >&2\n    exit 1\nfi\n# This output is used by Xcode 'outputs' to avoid re-running this script phase.\necho \"SUCCESS\" > \"${SCRIPT_OUTPUT_FILE_0}\"\n";
			showEnvVarsInLog = 0;
		};
		5E7E2B3F45ED1000EC8FD19A /* [CP] Copy Pods Resources */ = {
			isa = PBXShellScriptBuildPhase;
			buildActionMask = 2147483647;
			files = (
			);
			inputPaths = (
				"${SRCROOT}/Pods/Target Support Files/Pods-Tweety/Pods-Tweety-resources.sh",
				"${PODS_ROOT}/TwitterKit/iOS/TwitterKit.framework/TwitterKitResources.bundle",
				"${PODS_ROOT}/TwitterKit/iOS/TwitterKit.framework/TwitterShareExtensionUIResources.bundle",
			);
			name = "[CP] Copy Pods Resources";
			outputPaths = (
				"${TARGET_BUILD_DIR}/${UNLOCALIZED_RESOURCES_FOLDER_PATH}/TwitterKitResources.bundle",
				"${TARGET_BUILD_DIR}/${UNLOCALIZED_RESOURCES_FOLDER_PATH}/TwitterShareExtensionUIResources.bundle",
			);
			runOnlyForDeploymentPostprocessing = 0;
			shellPath = /bin/sh;
			shellScript = "\"${SRCROOT}/Pods/Target Support Files/Pods-Tweety/Pods-Tweety-resources.sh\"\n";
			showEnvVarsInLog = 0;
		};
		927CF79C18DEDA836897F466 /* [CP] Check Pods Manifest.lock */ = {
			isa = PBXShellScriptBuildPhase;
			buildActionMask = 2147483647;
			files = (
			);
			inputPaths = (
				"${PODS_PODFILE_DIR_PATH}/Podfile.lock",
				"${PODS_ROOT}/Manifest.lock",
			);
			name = "[CP] Check Pods Manifest.lock";
			outputPaths = (
				"$(DERIVED_FILE_DIR)/Pods-Tweety-checkManifestLockResult.txt",
			);
			runOnlyForDeploymentPostprocessing = 0;
			shellPath = /bin/sh;
			shellScript = "diff \"${PODS_PODFILE_DIR_PATH}/Podfile.lock\" \"${PODS_ROOT}/Manifest.lock\" > /dev/null\nif [ $? != 0 ] ; then\n    # print error to STDERR\n    echo \"error: The sandbox is not in sync with the Podfile.lock. Run 'pod install' or update your CocoaPods installation.\" >&2\n    exit 1\nfi\n# This output is used by Xcode 'outputs' to avoid re-running this script phase.\necho \"SUCCESS\" > \"${SCRIPT_OUTPUT_FILE_0}\"\n";
			showEnvVarsInLog = 0;
		};
		AE288447ADD0157FF8D12E35 /* [CP] Embed Pods Frameworks */ = {
			isa = PBXShellScriptBuildPhase;
			buildActionMask = 2147483647;
			files = (
			);
			inputPaths = (
				"${SRCROOT}/Pods/Target Support Files/Pods-Tweety/Pods-Tweety-frameworks.sh",
				"${PODS_ROOT}/TwitterCore/iOS/TwitterCore.framework",
				"${PODS_ROOT}/TwitterKit/iOS/TwitterKit.framework",
			);
			name = "[CP] Embed Pods Frameworks";
			outputPaths = (
				"${TARGET_BUILD_DIR}/${FRAMEWORKS_FOLDER_PATH}/TwitterCore.framework",
				"${TARGET_BUILD_DIR}/${FRAMEWORKS_FOLDER_PATH}/TwitterKit.framework",
			);
			runOnlyForDeploymentPostprocessing = 0;
			shellPath = /bin/sh;
			shellScript = "\"${SRCROOT}/Pods/Target Support Files/Pods-Tweety/Pods-Tweety-frameworks.sh\"\n";
			showEnvVarsInLog = 0;
		};
		D3C2ADE051F60ECCA3B99937 /* [CP] Copy Pods Resources */ = {
			isa = PBXShellScriptBuildPhase;
			buildActionMask = 2147483647;
			files = (
			);
			inputPaths = (
			);
			name = "[CP] Copy Pods Resources";
			outputPaths = (
			);
			runOnlyForDeploymentPostprocessing = 0;
			shellPath = /bin/sh;
			shellScript = "\"${SRCROOT}/Pods/Target Support Files/Pods-TweetyUITests/Pods-TweetyUITests-resources.sh\"\n";
			showEnvVarsInLog = 0;
		};
		F5B6C2BE1DE5DB5ED6DFE5B4 /* [CP] Embed Pods Frameworks */ = {
			isa = PBXShellScriptBuildPhase;
			buildActionMask = 2147483647;
			files = (
			);
			inputPaths = (
			);
			name = "[CP] Embed Pods Frameworks";
			outputPaths = (
			);
			runOnlyForDeploymentPostprocessing = 0;
			shellPath = /bin/sh;
			shellScript = "\"${SRCROOT}/Pods/Target Support Files/Pods-TweetyTests/Pods-TweetyTests-frameworks.sh\"\n";
			showEnvVarsInLog = 0;
		};
		FFC88DB618096D0D483A6D9A /* [CP] Check Pods Manifest.lock */ = {
			isa = PBXShellScriptBuildPhase;
			buildActionMask = 2147483647;
			files = (
			);
			inputPaths = (
				"${PODS_PODFILE_DIR_PATH}/Podfile.lock",
				"${PODS_ROOT}/Manifest.lock",
			);
			name = "[CP] Check Pods Manifest.lock";
			outputPaths = (
				"$(DERIVED_FILE_DIR)/Pods-TweetyTests-checkManifestLockResult.txt",
			);
			runOnlyForDeploymentPostprocessing = 0;
			shellPath = /bin/sh;
			shellScript = "diff \"${PODS_PODFILE_DIR_PATH}/Podfile.lock\" \"${PODS_ROOT}/Manifest.lock\" > /dev/null\nif [ $? != 0 ] ; then\n    # print error to STDERR\n    echo \"error: The sandbox is not in sync with the Podfile.lock. Run 'pod install' or update your CocoaPods installation.\" >&2\n    exit 1\nfi\n# This output is used by Xcode 'outputs' to avoid re-running this script phase.\necho \"SUCCESS\" > \"${SCRIPT_OUTPUT_FILE_0}\"\n";
			showEnvVarsInLog = 0;
		};
/* End PBXShellScriptBuildPhase section */

/* Begin PBXSourcesBuildPhase section */
		7F02A03D2024E1B0004EAA16 /* Sources */ = {
			isa = PBXSourcesBuildPhase;
			buildActionMask = 2147483647;
			files = (
				7F02A0472024E1B0004EAA16 /* ViewController.swift in Sources */,
				7F7BDEC520744EC200B74C3E /* KSUTweetConvenience.swift in Sources */,
				7F6F8D1F205B50020082524B /* TwitterClient.swift in Sources */,
				7F8F275020744C0600B4C30C /* KSUTweetClient.swift in Sources */,
				7F02A0452024E1B0004EAA16 /* AppDelegate.swift in Sources */,
				7F7BDEC320744D3D00B74C3E /* KSUTweetConstants.swift in Sources */,
			);
			runOnlyForDeploymentPostprocessing = 0;
		};
		7F02A0512024E1B1004EAA16 /* Sources */ = {
			isa = PBXSourcesBuildPhase;
			buildActionMask = 2147483647;
			files = (
				7F02A05A2024E1B1004EAA16 /* TweetyTests.swift in Sources */,
			);
			runOnlyForDeploymentPostprocessing = 0;
		};
		7F02A05C2024E1B1004EAA16 /* Sources */ = {
			isa = PBXSourcesBuildPhase;
			buildActionMask = 2147483647;
			files = (
				7F02A0652024E1B1004EAA16 /* TweetyUITests.swift in Sources */,
			);
			runOnlyForDeploymentPostprocessing = 0;
		};
/* End PBXSourcesBuildPhase section */

/* Begin PBXTargetDependency section */
		7F02A0572024E1B1004EAA16 /* PBXTargetDependency */ = {
			isa = PBXTargetDependency;
			target = 7F02A0402024E1B0004EAA16 /* Tweety */;
			targetProxy = 7F02A0562024E1B1004EAA16 /* PBXContainerItemProxy */;
		};
		7F02A0622024E1B1004EAA16 /* PBXTargetDependency */ = {
			isa = PBXTargetDependency;
			target = 7F02A0402024E1B0004EAA16 /* Tweety */;
			targetProxy = 7F02A0612024E1B1004EAA16 /* PBXContainerItemProxy */;
		};
/* End PBXTargetDependency section */

/* Begin PBXVariantGroup section */
		7F02A0482024E1B0004EAA16 /* Main.storyboard */ = {
			isa = PBXVariantGroup;
			children = (
				7F02A0492024E1B0004EAA16 /* Base */,
			);
			name = Main.storyboard;
			sourceTree = "<group>";
		};
		7F02A04D2024E1B0004EAA16 /* LaunchScreen.storyboard */ = {
			isa = PBXVariantGroup;
			children = (
				7F02A04E2024E1B0004EAA16 /* Base */,
			);
			name = LaunchScreen.storyboard;
			sourceTree = "<group>";
		};
/* End PBXVariantGroup section */

/* Begin XCBuildConfiguration section */
		7F02A0672024E1B1004EAA16 /* Debug */ = {
			isa = XCBuildConfiguration;
			buildSettings = {
				ALWAYS_SEARCH_USER_PATHS = NO;
				CLANG_ANALYZER_NONNULL = YES;
				CLANG_ANALYZER_NUMBER_OBJECT_CONVERSION = YES_AGGRESSIVE;
				CLANG_CXX_LANGUAGE_STANDARD = "gnu++14";
				CLANG_CXX_LIBRARY = "libc++";
				CLANG_ENABLE_MODULES = YES;
				CLANG_ENABLE_OBJC_ARC = YES;
				CLANG_WARN_BLOCK_CAPTURE_AUTORELEASING = YES;
				CLANG_WARN_BOOL_CONVERSION = YES;
				CLANG_WARN_COMMA = YES;
				CLANG_WARN_CONSTANT_CONVERSION = YES;
				CLANG_WARN_DIRECT_OBJC_ISA_USAGE = YES_ERROR;
				CLANG_WARN_DOCUMENTATION_COMMENTS = YES;
				CLANG_WARN_EMPTY_BODY = YES;
				CLANG_WARN_ENUM_CONVERSION = YES;
				CLANG_WARN_INFINITE_RECURSION = YES;
				CLANG_WARN_INT_CONVERSION = YES;
				CLANG_WARN_NON_LITERAL_NULL_CONVERSION = YES;
				CLANG_WARN_OBJC_LITERAL_CONVERSION = YES;
				CLANG_WARN_OBJC_ROOT_CLASS = YES_ERROR;
				CLANG_WARN_RANGE_LOOP_ANALYSIS = YES;
				CLANG_WARN_STRICT_PROTOTYPES = YES;
				CLANG_WARN_SUSPICIOUS_MOVE = YES;
				CLANG_WARN_UNGUARDED_AVAILABILITY = YES_AGGRESSIVE;
				CLANG_WARN_UNREACHABLE_CODE = YES;
				CLANG_WARN__DUPLICATE_METHOD_MATCH = YES;
				CODE_SIGN_IDENTITY = "iPhone Developer";
				COPY_PHASE_STRIP = NO;
				DEBUG_INFORMATION_FORMAT = dwarf;
				ENABLE_STRICT_OBJC_MSGSEND = YES;
				ENABLE_TESTABILITY = YES;
				GCC_C_LANGUAGE_STANDARD = gnu11;
				GCC_DYNAMIC_NO_PIC = NO;
				GCC_NO_COMMON_BLOCKS = YES;
				GCC_OPTIMIZATION_LEVEL = 0;
				GCC_PREPROCESSOR_DEFINITIONS = (
					"DEBUG=1",
					"$(inherited)",
				);
				GCC_WARN_64_TO_32_BIT_CONVERSION = YES;
				GCC_WARN_ABOUT_RETURN_TYPE = YES_ERROR;
				GCC_WARN_UNDECLARED_SELECTOR = YES;
				GCC_WARN_UNINITIALIZED_AUTOS = YES_AGGRESSIVE;
				GCC_WARN_UNUSED_FUNCTION = YES;
				GCC_WARN_UNUSED_VARIABLE = YES;
				IPHONEOS_DEPLOYMENT_TARGET = 11.2;
				MTL_ENABLE_DEBUG_INFO = YES;
				ONLY_ACTIVE_ARCH = YES;
				SDKROOT = iphoneos;
				SWIFT_ACTIVE_COMPILATION_CONDITIONS = DEBUG;
				SWIFT_OPTIMIZATION_LEVEL = "-Onone";
			};
			name = Debug;
		};
		7F02A0682024E1B1004EAA16 /* Release */ = {
			isa = XCBuildConfiguration;
			buildSettings = {
				ALWAYS_SEARCH_USER_PATHS = NO;
				CLANG_ANALYZER_NONNULL = YES;
				CLANG_ANALYZER_NUMBER_OBJECT_CONVERSION = YES_AGGRESSIVE;
				CLANG_CXX_LANGUAGE_STANDARD = "gnu++14";
				CLANG_CXX_LIBRARY = "libc++";
				CLANG_ENABLE_MODULES = YES;
				CLANG_ENABLE_OBJC_ARC = YES;
				CLANG_WARN_BLOCK_CAPTURE_AUTORELEASING = YES;
				CLANG_WARN_BOOL_CONVERSION = YES;
				CLANG_WARN_COMMA = YES;
				CLANG_WARN_CONSTANT_CONVERSION = YES;
				CLANG_WARN_DIRECT_OBJC_ISA_USAGE = YES_ERROR;
				CLANG_WARN_DOCUMENTATION_COMMENTS = YES;
				CLANG_WARN_EMPTY_BODY = YES;
				CLANG_WARN_ENUM_CONVERSION = YES;
				CLANG_WARN_INFINITE_RECURSION = YES;
				CLANG_WARN_INT_CONVERSION = YES;
				CLANG_WARN_NON_LITERAL_NULL_CONVERSION = YES;
				CLANG_WARN_OBJC_LITERAL_CONVERSION = YES;
				CLANG_WARN_OBJC_ROOT_CLASS = YES_ERROR;
				CLANG_WARN_RANGE_LOOP_ANALYSIS = YES;
				CLANG_WARN_STRICT_PROTOTYPES = YES;
				CLANG_WARN_SUSPICIOUS_MOVE = YES;
				CLANG_WARN_UNGUARDED_AVAILABILITY = YES_AGGRESSIVE;
				CLANG_WARN_UNREACHABLE_CODE = YES;
				CLANG_WARN__DUPLICATE_METHOD_MATCH = YES;
				CODE_SIGN_IDENTITY = "iPhone Developer";
				COPY_PHASE_STRIP = NO;
				DEBUG_INFORMATION_FORMAT = "dwarf-with-dsym";
				ENABLE_NS_ASSERTIONS = NO;
				ENABLE_STRICT_OBJC_MSGSEND = YES;
				GCC_C_LANGUAGE_STANDARD = gnu11;
				GCC_NO_COMMON_BLOCKS = YES;
				GCC_WARN_64_TO_32_BIT_CONVERSION = YES;
				GCC_WARN_ABOUT_RETURN_TYPE = YES_ERROR;
				GCC_WARN_UNDECLARED_SELECTOR = YES;
				GCC_WARN_UNINITIALIZED_AUTOS = YES_AGGRESSIVE;
				GCC_WARN_UNUSED_FUNCTION = YES;
				GCC_WARN_UNUSED_VARIABLE = YES;
				IPHONEOS_DEPLOYMENT_TARGET = 11.2;
				MTL_ENABLE_DEBUG_INFO = NO;
				SDKROOT = iphoneos;
				SWIFT_OPTIMIZATION_LEVEL = "-Owholemodule";
				VALIDATE_PRODUCT = YES;
			};
			name = Release;
		};
		7F02A06A2024E1B1004EAA16 /* Debug */ = {
			isa = XCBuildConfiguration;
			baseConfigurationReference = 298937224547B89D6F1F9E3C /* Pods-Tweety.debug.xcconfig */;
			buildSettings = {
				ASSETCATALOG_COMPILER_APPICON_NAME = AppIcon;
				CODE_SIGN_STYLE = Automatic;
				DEVELOPMENT_TEAM = NQRKAAHYPQ;
				INFOPLIST_FILE = Tweety/Info.plist;
				LD_RUNPATH_SEARCH_PATHS = "$(inherited) @executable_path/Frameworks";
				PRODUCT_BUNDLE_IDENTIFIER = RW.Tweety;
				PRODUCT_NAME = "$(TARGET_NAME)";
				SWIFT_VERSION = 4.0;
				TARGETED_DEVICE_FAMILY = "1,2";
			};
			name = Debug;
		};
		7F02A06B2024E1B1004EAA16 /* Release */ = {
			isa = XCBuildConfiguration;
			baseConfigurationReference = B2B97DDD517C9B07A4E2C626 /* Pods-Tweety.release.xcconfig */;
			buildSettings = {
				ASSETCATALOG_COMPILER_APPICON_NAME = AppIcon;
				CODE_SIGN_STYLE = Automatic;
				DEVELOPMENT_TEAM = NQRKAAHYPQ;
				INFOPLIST_FILE = Tweety/Info.plist;
				LD_RUNPATH_SEARCH_PATHS = "$(inherited) @executable_path/Frameworks";
				PRODUCT_BUNDLE_IDENTIFIER = RW.Tweety;
				PRODUCT_NAME = "$(TARGET_NAME)";
				SWIFT_VERSION = 4.0;
				TARGETED_DEVICE_FAMILY = "1,2";
			};
			name = Release;
		};
		7F02A06D2024E1B1004EAA16 /* Debug */ = {
			isa = XCBuildConfiguration;
			baseConfigurationReference = E17747224E732D68896C51F1 /* Pods-TweetyTests.debug.xcconfig */;
			buildSettings = {
				ALWAYS_EMBED_SWIFT_STANDARD_LIBRARIES = YES;
				BUNDLE_LOADER = "$(TEST_HOST)";
				CODE_SIGN_STYLE = Automatic;
				DEVELOPMENT_TEAM = NQRKAAHYPQ;
				INFOPLIST_FILE = TweetyTests/Info.plist;
				LD_RUNPATH_SEARCH_PATHS = "$(inherited) @executable_path/Frameworks @loader_path/Frameworks";
				PRODUCT_BUNDLE_IDENTIFIER = RW.TweetyTests;
				PRODUCT_NAME = "$(TARGET_NAME)";
				SWIFT_VERSION = 4.0;
				TARGETED_DEVICE_FAMILY = "1,2";
				TEST_HOST = "$(BUILT_PRODUCTS_DIR)/Tweety.app/Tweety";
			};
			name = Debug;
		};
		7F02A06E2024E1B1004EAA16 /* Release */ = {
			isa = XCBuildConfiguration;
			baseConfigurationReference = 9655992748E038C1615618A3 /* Pods-TweetyTests.release.xcconfig */;
			buildSettings = {
				ALWAYS_EMBED_SWIFT_STANDARD_LIBRARIES = YES;
				BUNDLE_LOADER = "$(TEST_HOST)";
				CODE_SIGN_STYLE = Automatic;
				DEVELOPMENT_TEAM = NQRKAAHYPQ;
				INFOPLIST_FILE = TweetyTests/Info.plist;
				LD_RUNPATH_SEARCH_PATHS = "$(inherited) @executable_path/Frameworks @loader_path/Frameworks";
				PRODUCT_BUNDLE_IDENTIFIER = RW.TweetyTests;
				PRODUCT_NAME = "$(TARGET_NAME)";
				SWIFT_VERSION = 4.0;
				TARGETED_DEVICE_FAMILY = "1,2";
				TEST_HOST = "$(BUILT_PRODUCTS_DIR)/Tweety.app/Tweety";
			};
			name = Release;
		};
		7F02A0702024E1B1004EAA16 /* Debug */ = {
			isa = XCBuildConfiguration;
			baseConfigurationReference = 1A7BC23CDDC3BDC05C44451C /* Pods-TweetyUITests.debug.xcconfig */;
			buildSettings = {
				ALWAYS_EMBED_SWIFT_STANDARD_LIBRARIES = YES;
				CODE_SIGN_STYLE = Automatic;
				DEVELOPMENT_TEAM = NQRKAAHYPQ;
				INFOPLIST_FILE = TweetyUITests/Info.plist;
				LD_RUNPATH_SEARCH_PATHS = "$(inherited) @executable_path/Frameworks @loader_path/Frameworks";
				PRODUCT_BUNDLE_IDENTIFIER = RW.TweetyUITests;
				PRODUCT_NAME = "$(TARGET_NAME)";
				SWIFT_VERSION = 4.0;
				TARGETED_DEVICE_FAMILY = "1,2";
				TEST_TARGET_NAME = Tweety;
			};
			name = Debug;
		};
		7F02A0712024E1B1004EAA16 /* Release */ = {
			isa = XCBuildConfiguration;
			baseConfigurationReference = 6355E588547A7860A91067E8 /* Pods-TweetyUITests.release.xcconfig */;
			buildSettings = {
				ALWAYS_EMBED_SWIFT_STANDARD_LIBRARIES = YES;
				CODE_SIGN_STYLE = Automatic;
				DEVELOPMENT_TEAM = NQRKAAHYPQ;
				INFOPLIST_FILE = TweetyUITests/Info.plist;
				LD_RUNPATH_SEARCH_PATHS = "$(inherited) @executable_path/Frameworks @loader_path/Frameworks";
				PRODUCT_BUNDLE_IDENTIFIER = RW.TweetyUITests;
				PRODUCT_NAME = "$(TARGET_NAME)";
				SWIFT_VERSION = 4.0;
				TARGETED_DEVICE_FAMILY = "1,2";
				TEST_TARGET_NAME = Tweety;
			};
			name = Release;
		};
/* End XCBuildConfiguration section */

/* Begin XCConfigurationList section */
		7F02A03C2024E1B0004EAA16 /* Build configuration list for PBXProject "Tweety" */ = {
			isa = XCConfigurationList;
			buildConfigurations = (
				7F02A0672024E1B1004EAA16 /* Debug */,
				7F02A0682024E1B1004EAA16 /* Release */,
			);
			defaultConfigurationIsVisible = 0;
			defaultConfigurationName = Release;
		};
		7F02A0692024E1B1004EAA16 /* Build configuration list for PBXNativeTarget "Tweety" */ = {
			isa = XCConfigurationList;
			buildConfigurations = (
				7F02A06A2024E1B1004EAA16 /* Debug */,
				7F02A06B2024E1B1004EAA16 /* Release */,
			);
			defaultConfigurationIsVisible = 0;
			defaultConfigurationName = Release;
		};
		7F02A06C2024E1B1004EAA16 /* Build configuration list for PBXNativeTarget "TweetyTests" */ = {
			isa = XCConfigurationList;
			buildConfigurations = (
				7F02A06D2024E1B1004EAA16 /* Debug */,
				7F02A06E2024E1B1004EAA16 /* Release */,
			);
			defaultConfigurationIsVisible = 0;
			defaultConfigurationName = Release;
		};
		7F02A06F2024E1B1004EAA16 /* Build configuration list for PBXNativeTarget "TweetyUITests" */ = {
			isa = XCConfigurationList;
			buildConfigurations = (
				7F02A0702024E1B1004EAA16 /* Debug */,
				7F02A0712024E1B1004EAA16 /* Release */,
			);
			defaultConfigurationIsVisible = 0;
			defaultConfigurationName = Release;
		};
/* End XCConfigurationList section */
	};
	rootObject = 7F02A0392024E1B0004EAA16 /* Project object */;
}
